// !$*UTF8*$!
{
	archiveVersion = 1;
	classes = {
	};
	objectVersion = 46;
	objects = {

/* Begin PBXBuildFile section */
		D18F997519C51DB80086970D /* AppDelegate.swift in Sources */ = {isa = PBXBuildFile; fileRef = D18F997419C51DB80086970D /* AppDelegate.swift */; };
		D18F997719C51DB80086970D /* ViewController.swift in Sources */ = {isa = PBXBuildFile; fileRef = D18F997619C51DB80086970D /* ViewController.swift */; };
		D18F997A19C51DB80086970D /* Main.storyboard in Resources */ = {isa = PBXBuildFile; fileRef = D18F997819C51DB80086970D /* Main.storyboard */; };
		D18F997C19C51DB80086970D /* Images.xcassets in Resources */ = {isa = PBXBuildFile; fileRef = D18F997B19C51DB80086970D /* Images.xcassets */; };
		D18F998819C51DB80086970D /* tomatoesTests.swift in Sources */ = {isa = PBXBuildFile; fileRef = D18F998719C51DB80086970D /* tomatoesTests.swift */; };
/* End PBXBuildFile section */

/* Begin PBXContainerItemProxy section */
		D18F998219C51DB80086970D /* PBXContainerItemProxy */ = {
			isa = PBXContainerItemProxy;
			containerPortal = D18F996719C51DB80086970D /* Project object */;
			proxyType = 1;
			remoteGlobalIDString = D18F996E19C51DB80086970D;
			remoteInfo = tomatoes;
		};
/* End PBXContainerItemProxy section */

/* Begin PBXFileReference section */
		D18F996F19C51DB80086970D /* tomatoes.app */ = {isa = PBXFileReference; explicitFileType = wrapper.application; includeInIndex = 0; path = tomatoes.app; sourceTree = BUILT_PRODUCTS_DIR; };
		D18F997319C51DB80086970D /* Info.plist */ = {isa = PBXFileReference; lastKnownFileType = text.plist.xml; path = Info.plist; sourceTree = "<group>"; };
		D18F997419C51DB80086970D /* AppDelegate.swift */ = {isa = PBXFileReference; lastKnownFileType = sourcecode.swift; path = AppDelegate.swift; sourceTree = "<group>"; };
		D18F997619C51DB80086970D /* ViewController.swift */ = {isa = PBXFileReference; lastKnownFileType = sourcecode.swift; path = ViewController.swift; sourceTree = "<group>"; };
		D18F997919C51DB80086970D /* Base */ = {isa = PBXFileReference; lastKnownFileType = file.storyboard; name = Base; path = Base.lproj/Main.storyboard; sourceTree = "<group>"; };
		D18F997B19C51DB80086970D /* Images.xcassets */ = {isa = PBXFileReference; lastKnownFileType = folder.assetcatalog; path = Images.xcassets; sourceTree = "<group>"; };
		D18F998119C51DB80086970D /* tomatoesTests.xctest */ = {isa = PBXFileReference; explicitFileType = wrapper.cfbundle; includeInIndex = 0; path = tomatoesTests.xctest; sourceTree = BUILT_PRODUCTS_DIR; };
		D18F998619C51DB80086970D /* Info.plist */ = {isa = PBXFileReference; lastKnownFileType = text.plist.xml; path = Info.plist; sourceTree = "<group>"; };
		D18F998719C51DB80086970D /* tomatoesTests.swift */ = {isa = PBXFileReference; lastKnownFileType = sourcecode.swift; path = tomatoesTests.swift; sourceTree = "<group>"; };
/* End PBXFileReference section */

/* Begin PBXFrameworksBuildPhase section */
		D18F996C19C51DB80086970D /* Frameworks */ = {
			isa = PBXFrameworksBuildPhase;
			buildActionMask = 2147483647;
			files = (
			);
			runOnlyForDeploymentPostprocessing = 0;
		};
		D18F997E19C51DB80086970D /* Frameworks */ = {
			isa = PBXFrameworksBuildPhase;
			buildActionMask = 2147483647;
			files = (
			);
			runOnlyForDeploymentPostprocessing = 0;
		};
/* End PBXFrameworksBuildPhase section */

/* Begin PBXGroup section */
		D18F996619C51DB80086970D = {
			isa = PBXGroup;
			children = (
				D18F997119C51DB80086970D /* tomatoes */,
				D18F998419C51DB80086970D /* tomatoesTests */,
				D18F997019C51DB80086970D /* Products */,
			);
			sourceTree = "<group>";
		};
		D18F997019C51DB80086970D /* Products */ = {
			isa = PBXGroup;
			children = (
				D18F996F19C51DB80086970D /* tomatoes.app */,
				D18F998119C51DB80086970D /* tomatoesTests.xctest */,
			);
			name = Products;
			sourceTree = "<group>";
		};
		D18F997119C51DB80086970D /* tomatoes */ = {
			isa = PBXGroup;
			children = (
				D18F997419C51DB80086970D /* AppDelegate.swift */,
				D18F997619C51DB80086970D /* ViewController.swift */,
				D18F997819C51DB80086970D /* Main.storyboard */,
				D18F997B19C51DB80086970D /* Images.xcassets */,
				D18F997219C51DB80086970D /* Supporting Files */,
			);
			path = tomatoes;
			sourceTree = "<group>";
		};
		D18F997219C51DB80086970D /* Supporting Files */ = {
			isa = PBXGroup;
			children = (
				D18F997319C51DB80086970D /* Info.plist */,
			);
			name = "Supporting Files";
			sourceTree = "<group>";
		};
		D18F998419C51DB80086970D /* tomatoesTests */ = {
			isa = PBXGroup;
			children = (
				D18F998719C51DB80086970D /* tomatoesTests.swift */,
				D18F998519C51DB80086970D /* Supporting Files */,
			);
			path = tomatoesTests;
			sourceTree = "<group>";
		};
		D18F998519C51DB80086970D /* Supporting Files */ = {
			isa = PBXGroup;
			children = (
				D18F998619C51DB80086970D /* Info.plist */,
			);
			name = "Supporting Files";
			sourceTree = "<group>";
		};
/* End PBXGroup section */

/* Begin PBXNativeTarget section */
		D18F996E19C51DB80086970D /* tomatoes */ = {
			isa = PBXNativeTarget;
			buildConfigurationList = D18F998B19C51DB80086970D /* Build configuration list for PBXNativeTarget "tomatoes" */;
			buildPhases = (
				D18F996B19C51DB80086970D /* Sources */,
				D18F996C19C51DB80086970D /* Frameworks */,
				D18F996D19C51DB80086970D /* Resources */,
			);
			buildRules = (
			);
			dependencies = (
			);
			name = tomatoes;
			productName = tomatoes;
			productReference = D18F996F19C51DB80086970D /* tomatoes.app */;
			productType = "com.apple.product-type.application";
		};
		D18F998019C51DB80086970D /* tomatoesTests */ = {
			isa = PBXNativeTarget;
			buildConfigurationList = D18F998E19C51DB80086970D /* Build configuration list for PBXNativeTarget "tomatoesTests" */;
			buildPhases = (
				D18F997D19C51DB80086970D /* Sources */,
				D18F997E19C51DB80086970D /* Frameworks */,
				D18F997F19C51DB80086970D /* Resources */,
			);
			buildRules = (
			);
			dependencies = (
				D18F998319C51DB80086970D /* PBXTargetDependency */,
			);
			name = tomatoesTests;
			productName = tomatoesTests;
			productReference = D18F998119C51DB80086970D /* tomatoesTests.xctest */;
			productType = "com.apple.product-type.bundle.unit-test";
		};
/* End PBXNativeTarget section */

/* Begin PBXProject section */
		D18F996719C51DB80086970D /* Project object */ = {
			isa = PBXProject;
			attributes = {
				LastUpgradeCheck = 0600;
				ORGANIZATIONNAME = "Sid Reddy";
				TargetAttributes = {
					D18F996E19C51DB80086970D = {
						CreatedOnToolsVersion = 6.0;
					};
					D18F998019C51DB80086970D = {
						CreatedOnToolsVersion = 6.0;
						TestTargetID = D18F996E19C51DB80086970D;
					};
				};
			};
			buildConfigurationList = D18F996A19C51DB80086970D /* Build configuration list for PBXProject "tomatoes" */;
			compatibilityVersion = "Xcode 3.2";
			developmentRegion = English;
			hasScannedForEncodings = 0;
			knownRegions = (
				en,
				Base,
			);
			mainGroup = D18F996619C51DB80086970D;
			productRefGroup = D18F997019C51DB80086970D /* Products */;
			projectDirPath = "";
			projectRoot = "";
			targets = (
				D18F996E19C51DB80086970D /* tomatoes */,
				D18F998019C51DB80086970D /* tomatoesTests */,
			);
		};
/* End PBXProject section */

/* Begin PBXResourcesBuildPhase section */
		D18F996D19C51DB80086970D /* Resources */ = {
			isa = PBXResourcesBuildPhase;
			buildActionMask = 2147483647;
			files = (
				D18F997A19C51DB80086970D /* Main.storyboard in Resources */,
				D18F997C19C51DB80086970D /* Images.xcassets in Resources */,
			);
			runOnlyForDeploymentPostprocessing = 0;
		};
		D18F997F19C51DB80086970D /* Resources */ = {
			isa = PBXResourcesBuildPhase;
			buildActionMask = 2147483647;
			files = (
			);
			runOnlyForDeploymentPostprocessing = 0;
		};
/* End PBXResourcesBuildPhase section */

/* Begin PBXSourcesBuildPhase section */
		D18F996B19C51DB80086970D /* Sources */ = {
			isa = PBXSourcesBuildPhase;
			buildActionMask = 2147483647;
			files = (
				D18F997719C51DB80086970D /* ViewController.swift in Sources */,
				D18F997519C51DB80086970D /* AppDelegate.swift in Sources */,
			);
			runOnlyForDeploymentPostprocessing = 0;
		};
		D18F997D19C51DB80086970D /* Sources */ = {
			isa = PBXSourcesBuildPhase;
			buildActionMask = 2147483647;
			files = (
				D18F998819C51DB80086970D /* tomatoesTests.swift in Sources */,
			);
			runOnlyForDeploymentPostprocessing = 0;
		};
/* End PBXSourcesBuildPhase section */

/* Begin PBXTargetDependency section */
		D18F998319C51DB80086970D /* PBXTargetDependency */ = {
			isa = PBXTargetDependency;
			target = D18F996E19C51DB80086970D /* tomatoes */;
			targetProxy = D18F998219C51DB80086970D /* PBXContainerItemProxy */;
		};
/* End PBXTargetDependency section */

/* Begin PBXVariantGroup section */
		D18F997819C51DB80086970D /* Main.storyboard */ = {
			isa = PBXVariantGroup;
			children = (
				D18F997919C51DB80086970D /* Base */,
			);
			name = Main.storyboard;
			sourceTree = "<group>";
		};
/* End PBXVariantGroup section */

/* Begin XCBuildConfiguration section */
		D18F998919C51DB80086970D /* Debug */ = {
			isa = XCBuildConfiguration;
			buildSettings = {
				ALWAYS_SEARCH_USER_PATHS = NO;
				CLANG_CXX_LANGUAGE_STANDARD = "gnu++0x";
				CLANG_CXX_LIBRARY = "libc++";
				CLANG_ENABLE_MODULES = YES;
				CLANG_ENABLE_OBJC_ARC = YES;
				CLANG_WARN_BOOL_CONVERSION = YES;
				CLANG_WARN_CONSTANT_CONVERSION = YES;
				CLANG_WARN_DIRECT_OBJC_ISA_USAGE = YES_ERROR;
				CLANG_WARN_EMPTY_BODY = YES;
				CLANG_WARN_ENUM_CONVERSION = YES;
				CLANG_WARN_INT_CONVERSION = YES;
				CLANG_WARN_OBJC_ROOT_CLASS = YES_ERROR;
				CLANG_WARN_UNREACHABLE_CODE = YES;
				CLANG_WARN__DUPLICATE_METHOD_MATCH = YES;
				"CODE_SIGN_IDENTITY[sdk=iphoneos*]" = "iPhone Developer";
				COPY_PHASE_STRIP = NO;
				ENABLE_STRICT_OBJC_MSGSEND = YES;
				GCC_C_LANGUAGE_STANDARD = gnu99;
				GCC_DYNAMIC_NO_PIC = NO;
				GCC_OPTIMIZATION_LEVEL = 0;
				GCC_PREPROCESSOR_DEFINITIONS = (
					"DEBUG=1",
					"$(inherited)",
				);
				GCC_SYMBOLS_PRIVATE_EXTERN = NO;
				GCC_WARN_64_TO_32_BIT_CONVERSION = YES;
				GCC_WARN_ABOUT_RETURN_TYPE = YES_ERROR;
				GCC_WARN_UNDECLARED_SELECTOR = YES;
				GCC_WARN_UNINITIALIZED_AUTOS = YES_AGGRESSIVE;
				GCC_WARN_UNUSED_FUNCTION = YES;
				GCC_WARN_UNUSED_VARIABLE = YES;
				IPHONEOS_DEPLOYMENT_TARGET = 8.0;
				MTL_ENABLE_DEBUG_INFO = YES;
				ONLY_ACTIVE_ARCH = YES;
				SDKROOT = iphoneos;
				SWIFT_OPTIMIZATION_LEVEL = "-Onone";
				TARGETED_DEVICE_FAMILY = "1,2";
			};
			name = Debug;
		};
		D18F998A19C51DB80086970D /* Release */ = {
			isa = XCBuildConfiguration;
			buildSettings = {
				ALWAYS_SEARCH_USER_PATHS = NO;
				CLANG_CXX_LANGUAGE_STANDARD = "gnu++0x";
				CLANG_CXX_LIBRARY = "libc++";
				CLANG_ENABLE_MODULES = YES;
				CLANG_ENABLE_OBJC_ARC = YES;
				CLANG_WARN_BOOL_CONVERSION = YES;
				CLANG_WARN_CONSTANT_CONVERSION = YES;
				CLANG_WARN_DIRECT_OBJC_ISA_USAGE = YES_ERROR;
				CLANG_WARN_EMPTY_BODY = YES;
				CLANG_WARN_ENUM_CONVERSION = YES;
				CLANG_WARN_INT_CONVERSION = YES;
				CLANG_WARN_OBJC_ROOT_CLASS = YES_ERROR;
				CLANG_WARN_UNREACHABLE_CODE = YES;
				CLANG_WARN__DUPLICATE_METHOD_MATCH = YES;
				"CODE_SIGN_IDENTITY[sdk=iphoneos*]" = "iPhone Developer";
				COPY_PHASE_STRIP = YES;
				ENABLE_NS_ASSERTIONS = NO;
				ENABLE_STRICT_OBJC_MSGSEND = YES;
				GCC_C_LANGUAGE_STANDARD = gnu99;
				GCC_WARN_64_TO_32_BIT_CONVERSION = YES;
				GCC_WARN_ABOUT_RETURN_TYPE = YES_ERROR;
				GCC_WARN_UNDECLARED_SELECTOR = YES;
				GCC_WARN_UNINITIALIZED_AUTOS = YES_AGGRESSIVE;
				GCC_WARN_UNUSED_FUNCTION = YES;
				GCC_WARN_UNUSED_VARIABLE = YES;
				IPHONEOS_DEPLOYMENT_TARGET = 8.0;
				MTL_ENABLE_DEBUG_INFO = NO;
				SDKROOT = iphoneos;
				TARGETED_DEVICE_FAMILY = "1,2";
				VALIDATE_PRODUCT = YES;
			};
			name = Release;
		};
		D18F998C19C51DB80086970D /* Debug */ = {
			isa = XCBuildConfiguration;
			buildSettings = {
				ASSETCATALOG_COMPILER_APPICON_NAME = AppIcon;
				ASSETCATALOG_COMPILER_LAUNCHIMAGE_NAME = LaunchImage;
				INFOPLIST_FILE = tomatoes/Info.plist;
				LD_RUNPATH_SEARCH_PATHS = "$(inherited) @executable_path/Frameworks";
				PRODUCT_NAME = "$(TARGET_NAME)";
			};
			name = Debug;
		};
		D18F998D19C51DB80086970D /* Release */ = {
			isa = XCBuildConfiguration;
			buildSettings = {
				ASSETCATALOG_COMPILER_APPICON_NAME = AppIcon;
				ASSETCATALOG_COMPILER_LAUNCHIMAGE_NAME = LaunchImage;
				INFOPLIST_FILE = tomatoes/Info.plist;
				LD_RUNPATH_SEARCH_PATHS = "$(inherited) @executable_path/Frameworks";
				PRODUCT_NAME = "$(TARGET_NAME)";
			};
			name = Release;
		};
		D18F998F19C51DB80086970D /* Debug */ = {
			isa = XCBuildConfiguration;
			buildSettings = {
				BUNDLE_LOADER = "$(TEST_HOST)";
				FRAMEWORK_SEARCH_PATHS = (
					"$(SDKROOT)/Developer/Library/Frameworks",
					"$(inherited)",
				);
				GCC_PREPROCESSOR_DEFINITIONS = (
					"DEBUG=1",
					"$(inherited)",
				);
				INFOPLIST_FILE = tomatoesTests/Info.plist;
				LD_RUNPATH_SEARCH_PATHS = "$(inherited) @executable_path/Frameworks @loader_path/Frameworks";
				PRODUCT_NAME = "$(TARGET_NAME)";
				TEST_HOST = "$(BUILT_PRODUCTS_DIR)/tomatoes.app/tomatoes";
			};
			name = Debug;
		};
		D18F999019C51DB80086970D /* Release */ = {
			isa = XCBuildConfiguration;
			buildSettings = {
				BUNDLE_LOADER = "$(TEST_HOST)";
				FRAMEWORK_SEARCH_PATHS = (
					"$(SDKROOT)/Developer/Library/Frameworks",
					"$(inherited)",
				);
				INFOPLIST_FILE = tomatoesTests/Info.plist;
				LD_RUNPATH_SEARCH_PATHS = "$(inherited) @executable_path/Frameworks @loader_path/Frameworks";
				PRODUCT_NAME = "$(TARGET_NAME)";
				TEST_HOST = "$(BUILT_PRODUCTS_DIR)/tomatoes.app/tomatoes";
			};
			name = Release;
		};
/* End XCBuildConfiguration section */

/* Begin XCConfigurationList section */
		D18F996A19C51DB80086970D /* Build configuration list for PBXProject "tomatoes" */ = {
			isa = XCConfigurationList;
			buildConfigurations = (
				D18F998919C51DB80086970D /* Debug */,
				D18F998A19C51DB80086970D /* Release */,
			);
			defaultConfigurationIsVisible = 0;
			defaultConfigurationName = Release;
		};
		D18F998B19C51DB80086970D /* Build configuration list for PBXNativeTarget "tomatoes" */ = {
			isa = XCConfigurationList;
			buildConfigurations = (
				D18F998C19C51DB80086970D /* Debug */,
				D18F998D19C51DB80086970D /* Release */,
			);
			defaultConfigurationIsVisible = 0;
		};
		D18F998E19C51DB80086970D /* Build configuration list for PBXNativeTarget "tomatoesTests" */ = {
			isa = XCConfigurationList;
			buildConfigurations = (
				D18F998F19C51DB80086970D /* Debug */,
				D18F999019C51DB80086970D /* Release */,
			);
			defaultConfigurationIsVisible = 0;
		};
/* End XCConfigurationList section */
	};
	rootObject = D18F996719C51DB80086970D /* Project object */;
}
